// !$*UTF8*$!
{
	archiveVersion = 1;
	classes = {
	};
	objectVersion = 56;
	objects = {

/* Begin PBXBuildFile section */
		9FA995D72927D9F800FAC34B /* LandmarksApp.swift in Sources */ = {isa = PBXBuildFile; fileRef = 9FA995D62927D9F800FAC34B /* LandmarksApp.swift */; };
		9FA995D92927D9F800FAC34B /* ContentView.swift in Sources */ = {isa = PBXBuildFile; fileRef = 9FA995D82927D9F800FAC34B /* ContentView.swift */; };
		9FA995DB2927D9F800FAC34B /* Assets.xcassets in Resources */ = {isa = PBXBuildFile; fileRef = 9FA995DA2927D9F800FAC34B /* Assets.xcassets */; };
		9FA995DE2927D9F800FAC34B /* Preview Assets.xcassets in Resources */ = {isa = PBXBuildFile; fileRef = 9FA995DD2927D9F800FAC34B /* Preview Assets.xcassets */; };
		9FA995E82927D9F900FAC34B /* LandmarksTests.swift in Sources */ = {isa = PBXBuildFile; fileRef = 9FA995E72927D9F900FAC34B /* LandmarksTests.swift */; };
		9FA995F22927D9F900FAC34B /* LandmarksUITests.swift in Sources */ = {isa = PBXBuildFile; fileRef = 9FA995F12927D9F900FAC34B /* LandmarksUITests.swift */; };
		9FA995F42927D9F900FAC34B /* LandmarksUITestsLaunchTests.swift in Sources */ = {isa = PBXBuildFile; fileRef = 9FA995F32927D9F900FAC34B /* LandmarksUITestsLaunchTests.swift */; };
		9FA996012927E0A400FAC34B /* CircleImage.swift in Sources */ = {isa = PBXBuildFile; fileRef = 9FA996002927E0A400FAC34B /* CircleImage.swift */; };
		9FA996032927E14800FAC34B /* MapView.swift in Sources */ = {isa = PBXBuildFile; fileRef = 9FA996022927E14800FAC34B /* MapView.swift */; };
		9FA996052927F10200FAC34B /* landmarkData.json in Resources */ = {isa = PBXBuildFile; fileRef = 9FA996042927F10200FAC34B /* landmarkData.json */; };
		9FA996072927F13300FAC34B /* LandMark.swift in Sources */ = {isa = PBXBuildFile; fileRef = 9FA996062927F13300FAC34B /* LandMark.swift */; };
		9FA996092927F48F00FAC34B /* ModelData.swift in Sources */ = {isa = PBXBuildFile; fileRef = 9FA996082927F48F00FAC34B /* ModelData.swift */; };
/* End PBXBuildFile section */

/* Begin PBXContainerItemProxy section */
		9FA995E42927D9F900FAC34B /* PBXContainerItemProxy */ = {
			isa = PBXContainerItemProxy;
			containerPortal = 9FA995CB2927D9F800FAC34B /* Project object */;
			proxyType = 1;
			remoteGlobalIDString = 9FA995D22927D9F800FAC34B;
			remoteInfo = Landmarks;
		};
		9FA995EE2927D9F900FAC34B /* PBXContainerItemProxy */ = {
			isa = PBXContainerItemProxy;
			containerPortal = 9FA995CB2927D9F800FAC34B /* Project object */;
			proxyType = 1;
			remoteGlobalIDString = 9FA995D22927D9F800FAC34B;
			remoteInfo = Landmarks;
		};
/* End PBXContainerItemProxy section */

/* Begin PBXFileReference section */
		9FA995D32927D9F800FAC34B /* Landmarks.app */ = {isa = PBXFileReference; explicitFileType = wrapper.application; includeInIndex = 0; path = Landmarks.app; sourceTree = BUILT_PRODUCTS_DIR; };
		9FA995D62927D9F800FAC34B /* LandmarksApp.swift */ = {isa = PBXFileReference; lastKnownFileType = sourcecode.swift; path = LandmarksApp.swift; sourceTree = "<group>"; };
		9FA995D82927D9F800FAC34B /* ContentView.swift */ = {isa = PBXFileReference; lastKnownFileType = sourcecode.swift; path = ContentView.swift; sourceTree = "<group>"; };
		9FA995DA2927D9F800FAC34B /* Assets.xcassets */ = {isa = PBXFileReference; lastKnownFileType = folder.assetcatalog; path = Assets.xcassets; sourceTree = "<group>"; };
		9FA995DD2927D9F800FAC34B /* Preview Assets.xcassets */ = {isa = PBXFileReference; lastKnownFileType = folder.assetcatalog; path = "Preview Assets.xcassets"; sourceTree = "<group>"; };
		9FA995E32927D9F900FAC34B /* LandmarksTests.xctest */ = {isa = PBXFileReference; explicitFileType = wrapper.cfbundle; includeInIndex = 0; path = LandmarksTests.xctest; sourceTree = BUILT_PRODUCTS_DIR; };
		9FA995E72927D9F900FAC34B /* LandmarksTests.swift */ = {isa = PBXFileReference; lastKnownFileType = sourcecode.swift; path = LandmarksTests.swift; sourceTree = "<group>"; };
		9FA995ED2927D9F900FAC34B /* LandmarksUITests.xctest */ = {isa = PBXFileReference; explicitFileType = wrapper.cfbundle; includeInIndex = 0; path = LandmarksUITests.xctest; sourceTree = BUILT_PRODUCTS_DIR; };
		9FA995F12927D9F900FAC34B /* LandmarksUITests.swift */ = {isa = PBXFileReference; lastKnownFileType = sourcecode.swift; path = LandmarksUITests.swift; sourceTree = "<group>"; };
		9FA995F32927D9F900FAC34B /* LandmarksUITestsLaunchTests.swift */ = {isa = PBXFileReference; lastKnownFileType = sourcecode.swift; path = LandmarksUITestsLaunchTests.swift; sourceTree = "<group>"; };
		9FA996002927E0A400FAC34B /* CircleImage.swift */ = {isa = PBXFileReference; lastKnownFileType = sourcecode.swift; path = CircleImage.swift; sourceTree = "<group>"; };
		9FA996022927E14800FAC34B /* MapView.swift */ = {isa = PBXFileReference; lastKnownFileType = sourcecode.swift; path = MapView.swift; sourceTree = "<group>"; };
		9FA996042927F10200FAC34B /* landmarkData.json */ = {isa = PBXFileReference; fileEncoding = 4; lastKnownFileType = text.json; path = landmarkData.json; sourceTree = "<group>"; };
		9FA996062927F13300FAC34B /* LandMark.swift */ = {isa = PBXFileReference; lastKnownFileType = sourcecode.swift; path = LandMark.swift; sourceTree = "<group>"; };
		9FA996082927F48F00FAC34B /* ModelData.swift */ = {isa = PBXFileReference; lastKnownFileType = sourcecode.swift; path = ModelData.swift; sourceTree = "<group>"; };
/* End PBXFileReference section */

/* Begin PBXFrameworksBuildPhase section */
		9FA995D02927D9F800FAC34B /* Frameworks */ = {
			isa = PBXFrameworksBuildPhase;
			buildActionMask = 2147483647;
			files = (
			);
			runOnlyForDeploymentPostprocessing = 0;
		};
		9FA995E02927D9F900FAC34B /* Frameworks */ = {
			isa = PBXFrameworksBuildPhase;
			buildActionMask = 2147483647;
			files = (
			);
			runOnlyForDeploymentPostprocessing = 0;
		};
		9FA995EA2927D9F900FAC34B /* Frameworks */ = {
			isa = PBXFrameworksBuildPhase;
			buildActionMask = 2147483647;
			files = (
			);
			runOnlyForDeploymentPostprocessing = 0;
		};
/* End PBXFrameworksBuildPhase section */

/* Begin PBXGroup section */
		9FA995CA2927D9F800FAC34B = {
			isa = PBXGroup;
			children = (
				9FA995D52927D9F800FAC34B /* Landmarks */,
				9FA995E62927D9F900FAC34B /* LandmarksTests */,
				9FA995F02927D9F900FAC34B /* LandmarksUITests */,
				9FA995D42927D9F800FAC34B /* Products */,
			);
			sourceTree = "<group>";
		};
		9FA995D42927D9F800FAC34B /* Products */ = {
			isa = PBXGroup;
			children = (
				9FA995D32927D9F800FAC34B /* Landmarks.app */,
				9FA995E32927D9F900FAC34B /* LandmarksTests.xctest */,
				9FA995ED2927D9F900FAC34B /* LandmarksUITests.xctest */,
			);
			name = Products;
			sourceTree = "<group>";
		};
		9FA995D52927D9F800FAC34B /* Landmarks */ = {
			isa = PBXGroup;
			children = (
				9FA995D62927D9F800FAC34B /* LandmarksApp.swift */,
				9FA996062927F13300FAC34B /* LandMark.swift */,
				9FA996082927F48F00FAC34B /* ModelData.swift */,
				9FA995D82927D9F800FAC34B /* ContentView.swift */,
				9FA996002927E0A400FAC34B /* CircleImage.swift */,
				9FA996022927E14800FAC34B /* MapView.swift */,
				9FA995DA2927D9F800FAC34B /* Assets.xcassets */,
				9FA995DC2927D9F800FAC34B /* Preview Content */,
			);
			path = Landmarks;
			sourceTree = "<group>";
		};
		9FA995DC2927D9F800FAC34B /* Preview Content */ = {
			isa = PBXGroup;
			children = (
				9FA995DD2927D9F800FAC34B /* Preview Assets.xcassets */,
			);
			path = "Preview Content";
			sourceTree = "<group>";
		};
		9FA995E62927D9F900FAC34B /* LandmarksTests */ = {
			isa = PBXGroup;
			children = (
				9FA995E72927D9F900FAC34B /* LandmarksTests.swift */,
			);
			path = LandmarksTests;
			sourceTree = "<group>";
		};
		9FA995F02927D9F900FAC34B /* LandmarksUITests */ = {
			isa = PBXGroup;
			children = (
				9FA995F12927D9F900FAC34B /* LandmarksUITests.swift */,
				9FA995F32927D9F900FAC34B /* LandmarksUITestsLaunchTests.swift */,
				9FA996042927F10200FAC34B /* landmarkData.json */,
			);
			path = LandmarksUITests;
			sourceTree = "<group>";
		};
/* End PBXGroup section */

/* Begin PBXNativeTarget section */
		9FA995D22927D9F800FAC34B /* Landmarks */ = {
			isa = PBXNativeTarget;
			buildConfigurationList = 9FA995F72927D9F900FAC34B /* Build configuration list for PBXNativeTarget "Landmarks" */;
			buildPhases = (
				9FA995CF2927D9F800FAC34B /* Sources */,
				9FA995D02927D9F800FAC34B /* Frameworks */,
				9FA995D12927D9F800FAC34B /* Resources */,
			);
			buildRules = (
			);
			dependencies = (
			);
			name = Landmarks;
			productName = Landmarks;
			productReference = 9FA995D32927D9F800FAC34B /* Landmarks.app */;
			productType = "com.apple.product-type.application";
		};
		9FA995E22927D9F900FAC34B /* LandmarksTests */ = {
			isa = PBXNativeTarget;
			buildConfigurationList = 9FA995FA2927D9F900FAC34B /* Build configuration list for PBXNativeTarget "LandmarksTests" */;
			buildPhases = (
				9FA995DF2927D9F900FAC34B /* Sources */,
				9FA995E02927D9F900FAC34B /* Frameworks */,
				9FA995E12927D9F900FAC34B /* Resources */,
			);
			buildRules = (
			);
			dependencies = (
				9FA995E52927D9F900FAC34B /* PBXTargetDependency */,
			);
			name = LandmarksTests;
			productName = LandmarksTests;
			productReference = 9FA995E32927D9F900FAC34B /* LandmarksTests.xctest */;
			productType = "com.apple.product-type.bundle.unit-test";
		};
		9FA995EC2927D9F900FAC34B /* LandmarksUITests */ = {
			isa = PBXNativeTarget;
			buildConfigurationList = 9FA995FD2927D9F900FAC34B /* Build configuration list for PBXNativeTarget "LandmarksUITests" */;
			buildPhases = (
				9FA995E92927D9F900FAC34B /* Sources */,
				9FA995EA2927D9F900FAC34B /* Frameworks */,
				9FA995EB2927D9F900FAC34B /* Resources */,
			);
			buildRules = (
			);
			dependencies = (
				9FA995EF2927D9F900FAC34B /* PBXTargetDependency */,
			);
			name = LandmarksUITests;
			productName = LandmarksUITests;
			productReference = 9FA995ED2927D9F900FAC34B /* LandmarksUITests.xctest */;
			productType = "com.apple.product-type.bundle.ui-testing";
		};
/* End PBXNativeTarget section */

/* Begin PBXProject section */
		9FA995CB2927D9F800FAC34B /* Project object */ = {
			isa = PBXProject;
			attributes = {
				BuildIndependentTargetsInParallel = 1;
				LastSwiftUpdateCheck = 1400;
				LastUpgradeCheck = 1400;
				TargetAttributes = {
					9FA995D22927D9F800FAC34B = {
						CreatedOnToolsVersion = 14.0.1;
					};
					9FA995E22927D9F900FAC34B = {
						CreatedOnToolsVersion = 14.0.1;
						TestTargetID = 9FA995D22927D9F800FAC34B;
					};
					9FA995EC2927D9F900FAC34B = {
						CreatedOnToolsVersion = 14.0.1;
						TestTargetID = 9FA995D22927D9F800FAC34B;
					};
				};
			};
			buildConfigurationList = 9FA995CE2927D9F800FAC34B /* Build configuration list for PBXProject "Landmarks" */;
			compatibilityVersion = "Xcode 14.0";
			developmentRegion = en;
			hasScannedForEncodings = 0;
			knownRegions = (
				en,
				Base,
			);
			mainGroup = 9FA995CA2927D9F800FAC34B;
			productRefGroup = 9FA995D42927D9F800FAC34B /* Products */;
			projectDirPath = "";
			projectRoot = "";
			targets = (
				9FA995D22927D9F800FAC34B /* Landmarks */,
				9FA995E22927D9F900FAC34B /* LandmarksTests */,
				9FA995EC2927D9F900FAC34B /* LandmarksUITests */,
			);
		};
/* End PBXProject section */

/* Begin PBXResourcesBuildPhase section */
		9FA995D12927D9F800FAC34B /* Resources */ = {
			isa = PBXResourcesBuildPhase;
			buildActionMask = 2147483647;
			files = (
				9FA995DE2927D9F800FAC34B /* Preview Assets.xcassets in Resources */,
				9FA995DB2927D9F800FAC34B /* Assets.xcassets in Resources */,
				9FA996052927F10200FAC34B /* landmarkData.json in Resources */,
			);
			runOnlyForDeploymentPostprocessing = 0;
		};
		9FA995E12927D9F900FAC34B /* Resources */ = {
			isa = PBXResourcesBuildPhase;
			buildActionMask = 2147483647;
			files = (
			);
			runOnlyForDeploymentPostprocessing = 0;
		};
		9FA995EB2927D9F900FAC34B /* Resources */ = {
			isa = PBXResourcesBuildPhase;
			buildActionMask = 2147483647;
			files = (
			);
			runOnlyForDeploymentPostprocessing = 0;
		};
/* End PBXResourcesBuildPhase section */

/* Begin PBXSourcesBuildPhase section */
		9FA995CF2927D9F800FAC34B /* Sources */ = {
			isa = PBXSourcesBuildPhase;
			buildActionMask = 2147483647;
			files = (
				9FA995D92927D9F800FAC34B /* ContentView.swift in Sources */,
				9FA996072927F13300FAC34B /* LandMark.swift in Sources */,
				9FA996032927E14800FAC34B /* MapView.swift in Sources */,
				9FA995D72927D9F800FAC34B /* LandmarksApp.swift in Sources */,
				9FA996012927E0A400FAC34B /* CircleImage.swift in Sources */,
				9FA996092927F48F00FAC34B /* ModelData.swift in Sources */,
			);
			runOnlyForDeploymentPostprocessing = 0;
		};
		9FA995DF2927D9F900FAC34B /* Sources */ = {
			isa = PBXSourcesBuildPhase;
			buildActionMask = 2147483647;
			files = (
				9FA995E82927D9F900FAC34B /* LandmarksTests.swift in Sources */,
			);
			runOnlyForDeploymentPostprocessing = 0;
		};
		9FA995E92927D9F900FAC34B /* Sources */ = {
			isa = PBXSourcesBuildPhase;
			buildActionMask = 2147483647;
			files = (
				9FA995F42927D9F900FAC34B /* LandmarksUITestsLaunchTests.swift in Sources */,
				9FA995F22927D9F900FAC34B /* LandmarksUITests.swift in Sources */,
			);
			runOnlyForDeploymentPostprocessing = 0;
		};
/* End PBXSourcesBuildPhase section */

/* Begin PBXTargetDependency section */
		9FA995E52927D9F900FAC34B /* PBXTargetDependency */ = {
			isa = PBXTargetDependency;
			target = 9FA995D22927D9F800FAC34B /* Landmarks */;
			targetProxy = 9FA995E42927D9F900FAC34B /* PBXContainerItemProxy */;
		};
		9FA995EF2927D9F900FAC34B /* PBXTargetDependency */ = {
			isa = PBXTargetDependency;
			target = 9FA995D22927D9F800FAC34B /* Landmarks */;
			targetProxy = 9FA995EE2927D9F900FAC34B /* PBXContainerItemProxy */;
		};
/* End PBXTargetDependency section */

/* Begin XCBuildConfiguration section */
		9FA995F52927D9F900FAC34B /* Debug */ = {
			isa = XCBuildConfiguration;
			buildSettings = {
				ALWAYS_SEARCH_USER_PATHS = NO;
				CLANG_ANALYZER_NONNULL = YES;
				CLANG_ANALYZER_NUMBER_OBJECT_CONVERSION = YES_AGGRESSIVE;
				CLANG_CXX_LANGUAGE_STANDARD = "gnu++20";
				CLANG_ENABLE_MODULES = YES;
				CLANG_ENABLE_OBJC_ARC = YES;
				CLANG_ENABLE_OBJC_WEAK = YES;
				CLANG_WARN_BLOCK_CAPTURE_AUTORELEASING = YES;
				CLANG_WARN_BOOL_CONVERSION = YES;
				CLANG_WARN_COMMA = YES;
				CLANG_WARN_CONSTANT_CONVERSION = YES;
				CLANG_WARN_DEPRECATED_OBJC_IMPLEMENTATIONS = YES;
				CLANG_WARN_DIRECT_OBJC_ISA_USAGE = YES_ERROR;
				CLANG_WARN_DOCUMENTATION_COMMENTS = YES;
				CLANG_WARN_EMPTY_BODY = YES;
				CLANG_WARN_ENUM_CONVERSION = YES;
				CLANG_WARN_INFINITE_RECURSION = YES;
				CLANG_WARN_INT_CONVERSION = YES;
				CLANG_WARN_NON_LITERAL_NULL_CONVERSION = YES;
				CLANG_WARN_OBJC_IMPLICIT_RETAIN_SELF = YES;
				CLANG_WARN_OBJC_LITERAL_CONVERSION = YES;
				CLANG_WARN_OBJC_ROOT_CLASS = YES_ERROR;
				CLANG_WARN_QUOTED_INCLUDE_IN_FRAMEWORK_HEADER = YES;
				CLANG_WARN_RANGE_LOOP_ANALYSIS = YES;
				CLANG_WARN_STRICT_PROTOTYPES = YES;
				CLANG_WARN_SUSPICIOUS_MOVE = YES;
				CLANG_WARN_UNGUARDED_AVAILABILITY = YES_AGGRESSIVE;
				CLANG_WARN_UNREACHABLE_CODE = YES;
				CLANG_WARN__DUPLICATE_METHOD_MATCH = YES;
				COPY_PHASE_STRIP = NO;
				DEBUG_INFORMATION_FORMAT = dwarf;
				ENABLE_STRICT_OBJC_MSGSEND = YES;
				ENABLE_TESTABILITY = YES;
				GCC_C_LANGUAGE_STANDARD = gnu11;
				GCC_DYNAMIC_NO_PIC = NO;
				GCC_NO_COMMON_BLOCKS = YES;
				GCC_OPTIMIZATION_LEVEL = 0;
				GCC_PREPROCESSOR_DEFINITIONS = (
					"DEBUG=1",
					"$(inherited)",
				);
				GCC_WARN_64_TO_32_BIT_CONVERSION = YES;
				GCC_WARN_ABOUT_RETURN_TYPE = YES_ERROR;
				GCC_WARN_UNDECLARED_SELECTOR = YES;
				GCC_WARN_UNINITIALIZED_AUTOS = YES_AGGRESSIVE;
				GCC_WARN_UNUSED_FUNCTION = YES;
				GCC_WARN_UNUSED_VARIABLE = YES;
				IPHONEOS_DEPLOYMENT_TARGET = 16.0;
				MTL_ENABLE_DEBUG_INFO = INCLUDE_SOURCE;
				MTL_FAST_MATH = YES;
				ONLY_ACTIVE_ARCH = YES;
				SDKROOT = iphoneos;
				SWIFT_ACTIVE_COMPILATION_CONDITIONS = DEBUG;
				SWIFT_OPTIMIZATION_LEVEL = "-Onone";
			};
			name = Debug;
		};
		9FA995F62927D9F900FAC34B /* Release */ = {
			isa = XCBuildConfiguration;
			buildSettings = {
				ALWAYS_SEARCH_USER_PATHS = NO;
				CLANG_ANALYZER_NONNULL = YES;
				CLANG_ANALYZER_NUMBER_OBJECT_CONVERSION = YES_AGGRESSIVE;
				CLANG_CXX_LANGUAGE_STANDARD = "gnu++20";
				CLANG_ENABLE_MODULES = YES;
				CLANG_ENABLE_OBJC_ARC = YES;
				CLANG_ENABLE_OBJC_WEAK = YES;
				CLANG_WARN_BLOCK_CAPTURE_AUTORELEASING = YES;
				CLANG_WARN_BOOL_CONVERSION = YES;
				CLANG_WARN_COMMA = YES;
				CLANG_WARN_CONSTANT_CONVERSION = YES;
				CLANG_WARN_DEPRECATED_OBJC_IMPLEMENTATIONS = YES;
				CLANG_WARN_DIRECT_OBJC_ISA_USAGE = YES_ERROR;
				CLANG_WARN_DOCUMENTATION_COMMENTS = YES;
				CLANG_WARN_EMPTY_BODY = YES;
				CLANG_WARN_ENUM_CONVERSION = YES;
				CLANG_WARN_INFINITE_RECURSION = YES;
				CLANG_WARN_INT_CONVERSION = YES;
				CLANG_WARN_NON_LITERAL_NULL_CONVERSION = YES;
				CLANG_WARN_OBJC_IMPLICIT_RETAIN_SELF = YES;
				CLANG_WARN_OBJC_LITERAL_CONVERSION = YES;
				CLANG_WARN_OBJC_ROOT_CLASS = YES_ERROR;
				CLANG_WARN_QUOTED_INCLUDE_IN_FRAMEWORK_HEADER = YES;
				CLANG_WARN_RANGE_LOOP_ANALYSIS = YES;
				CLANG_WARN_STRICT_PROTOTYPES = YES;
				CLANG_WARN_SUSPICIOUS_MOVE = YES;
				CLANG_WARN_UNGUARDED_AVAILABILITY = YES_AGGRESSIVE;
				CLANG_WARN_UNREACHABLE_CODE = YES;
				CLANG_WARN__DUPLICATE_METHOD_MATCH = YES;
				COPY_PHASE_STRIP = NO;
				DEBUG_INFORMATION_FORMAT = "dwarf-with-dsym";
				ENABLE_NS_ASSERTIONS = NO;
				ENABLE_STRICT_OBJC_MSGSEND = YES;
				GCC_C_LANGUAGE_STANDARD = gnu11;
				GCC_NO_COMMON_BLOCKS = YES;
				GCC_WARN_64_TO_32_BIT_CONVERSION = YES;
				GCC_WARN_ABOUT_RETURN_TYPE = YES_ERROR;
				GCC_WARN_UNDECLARED_SELECTOR = YES;
				GCC_WARN_UNINITIALIZED_AUTOS = YES_AGGRESSIVE;
				GCC_WARN_UNUSED_FUNCTION = YES;
				GCC_WARN_UNUSED_VARIABLE = YES;
				IPHONEOS_DEPLOYMENT_TARGET = 16.0;
				MTL_ENABLE_DEBUG_INFO = NO;
				MTL_FAST_MATH = YES;
				SDKROOT = iphoneos;
				SWIFT_COMPILATION_MODE = wholemodule;
				SWIFT_OPTIMIZATION_LEVEL = "-O";
				VALIDATE_PRODUCT = YES;
			};
			name = Release;
		};
		9FA995F82927D9F900FAC34B /* Debug */ = {
			isa = XCBuildConfiguration;
			buildSettings = {
				ASSETCATALOG_COMPILER_APPICON_NAME = AppIcon;
				ASSETCATALOG_COMPILER_GLOBAL_ACCENT_COLOR_NAME = AccentColor;
				CODE_SIGN_STYLE = Automatic;
				CURRENT_PROJECT_VERSION = 1;
				DEVELOPMENT_ASSET_PATHS = "\"Landmarks/Preview Content\"";
				DEVELOPMENT_TEAM = 4NAXMG92LL;
				ENABLE_PREVIEWS = YES;
				GENERATE_INFOPLIST_FILE = YES;
				INFOPLIST_KEY_UIApplicationSceneManifest_Generation = YES;
				INFOPLIST_KEY_UIApplicationSupportsIndirectInputEvents = YES;
				INFOPLIST_KEY_UILaunchScreen_Generation = YES;
				INFOPLIST_KEY_UISupportedInterfaceOrientations_iPad = "UIInterfaceOrientationPortrait UIInterfaceOrientationPortraitUpsideDown UIInterfaceOrientationLandscapeLeft UIInterfaceOrientationLandscapeRight";
				INFOPLIST_KEY_UISupportedInterfaceOrientations_iPhone = "UIInterfaceOrientationPortrait UIInterfaceOrientationLandscapeLeft UIInterfaceOrientationLandscapeRight";
				LD_RUNPATH_SEARCH_PATHS = (
					"$(inherited)",
					"@executable_path/Frameworks",
				);
				MARKETING_VERSION = 1.0;
				PRODUCT_BUNDLE_IDENTIFIER = berkasse.Landmarks;
				PRODUCT_NAME = "$(TARGET_NAME)";
				SWIFT_EMIT_LOC_STRINGS = YES;
				SWIFT_VERSION = 5.0;
				TARGETED_DEVICE_FAMILY = "1,2";
			};
			name = Debug;
		};
		9FA995F92927D9F900FAC34B /* Release */ = {
			isa = XCBuildConfiguration;
			buildSettings = {
				ASSETCATALOG_COMPILER_APPICON_NAME = AppIcon;
				ASSETCATALOG_COMPILER_GLOBAL_ACCENT_COLOR_NAME = AccentColor;
				CODE_SIGN_STYLE = Automatic;
				CURRENT_PROJECT_VERSION = 1;
				DEVELOPMENT_ASSET_PATHS = "\"Landmarks/Preview Content\"";
				DEVELOPMENT_TEAM = 4NAXMG92LL;
				ENABLE_PREVIEWS = YES;
				GENERATE_INFOPLIST_FILE = YES;
				INFOPLIST_KEY_UIApplicationSceneManifest_Generation = YES;
				INFOPLIST_KEY_UIApplicationSupportsIndirectInputEvents = YES;
				INFOPLIST_KEY_UILaunchScreen_Generation = YES;
				INFOPLIST_KEY_UISupportedInterfaceOrientations_iPad = "UIInterfaceOrientationPortrait UIInterfaceOrientationPortraitUpsideDown UIInterfaceOrientationLandscapeLeft UIInterfaceOrientationLandscapeRight";
				INFOPLIST_KEY_UISupportedInterfaceOrientations_iPhone = "UIInterfaceOrientationPortrait UIInterfaceOrientationLandscapeLeft UIInterfaceOrientationLandscapeRight";
				LD_RUNPATH_SEARCH_PATHS = (
					"$(inherited)",
					"@executable_path/Frameworks",
				);
				MARKETING_VERSION = 1.0;
				PRODUCT_BUNDLE_IDENTIFIER = berkasse.Landmarks;
				PRODUCT_NAME = "$(TARGET_NAME)";
				SWIFT_EMIT_LOC_STRINGS = YES;
				SWIFT_VERSION = 5.0;
				TARGETED_DEVICE_FAMILY = "1,2";
			};
			name = Release;
		};
		9FA995FB2927D9F900FAC34B /* Debug */ = {
			isa = XCBuildConfiguration;
			buildSettings = {
				ALWAYS_EMBED_SWIFT_STANDARD_LIBRARIES = YES;
				BUNDLE_LOADER = "$(TEST_HOST)";
				CODE_SIGN_STYLE = Automatic;
				CURRENT_PROJECT_VERSION = 1;
				DEVELOPMENT_TEAM = 4NAXMG92LL;
				GENERATE_INFOPLIST_FILE = YES;
				IPHONEOS_DEPLOYMENT_TARGET = 16.0;
				MARKETING_VERSION = 1.0;
				PRODUCT_BUNDLE_IDENTIFIER = berkasse.LandmarksTests;
				PRODUCT_NAME = "$(TARGET_NAME)";
				SWIFT_EMIT_LOC_STRINGS = NO;
				SWIFT_VERSION = 5.0;
				TARGETED_DEVICE_FAMILY = "1,2";
				TEST_HOST = "$(BUILT_PRODUCTS_DIR)/Landmarks.app/$(BUNDLE_EXECUTABLE_FOLDER_PATH)/Landmarks";
			};
			name = Debug;
		};
		9FA995FC2927D9F900FAC34B /* Release */ = {
			isa = XCBuildConfiguration;
			buildSettings = {
				ALWAYS_EMBED_SWIFT_STANDARD_LIBRARIES = YES;
				BUNDLE_LOADER = "$(TEST_HOST)";
				CODE_SIGN_STYLE = Automatic;
				CURRENT_PROJECT_VERSION = 1;
				DEVELOPMENT_TEAM = 4NAXMG92LL;
				GENERATE_INFOPLIST_FILE = YES;
				IPHONEOS_DEPLOYMENT_TARGET = 16.0;
				MARKETING_VERSION = 1.0;
				PRODUCT_BUNDLE_IDENTIFIER = berkasse.LandmarksTests;
				PRODUCT_NAME = "$(TARGET_NAME)";
				SWIFT_EMIT_LOC_STRINGS = NO;
				SWIFT_VERSION = 5.0;
				TARGETED_DEVICE_FAMILY = "1,2";
				TEST_HOST = "$(BUILT_PRODUCTS_DIR)/Landmarks.app/$(BUNDLE_EXECUTABLE_FOLDER_PATH)/Landmarks";
			};
			name = Release;
		};
		9FA995FE2927D9F900FAC34B /* Debug */ = {
			isa = XCBuildConfiguration;
			buildSettings = {
				ALWAYS_EMBED_SWIFT_STANDARD_LIBRARIES = YES;
				CODE_SIGN_STYLE = Automatic;
				CURRENT_PROJECT_VERSION = 1;
				DEVELOPMENT_TEAM = 4NAXMG92LL;
				GENERATE_INFOPLIST_FILE = YES;
				MARKETING_VERSION = 1.0;
				PRODUCT_BUNDLE_IDENTIFIER = berkasse.LandmarksUITests;
				PRODUCT_NAME = "$(TARGET_NAME)";
				SWIFT_EMIT_LOC_STRINGS = NO;
				SWIFT_VERSION = 5.0;
				TARGETED_DEVICE_FAMILY = "1,2";
				TEST_TARGET_NAME = Landmarks;
			};
			name = Debug;
		};
		9FA995FF2927D9F900FAC34B /* Release */ = {
			isa = XCBuildConfiguration;
			buildSettings = {
				ALWAYS_EMBED_SWIFT_STANDARD_LIBRARIES = YES;
				CODE_SIGN_STYLE = Automatic;
				CURRENT_PROJECT_VERSION = 1;
				DEVELOPMENT_TEAM = 4NAXMG92LL;
				GENERATE_INFOPLIST_FILE = YES;
				MARKETING_VERSION = 1.0;
				PRODUCT_BUNDLE_IDENTIFIER = berkasse.LandmarksUITests;
				PRODUCT_NAME = "$(TARGET_NAME)";
				SWIFT_EMIT_LOC_STRINGS = NO;
				SWIFT_VERSION = 5.0;
				TARGETED_DEVICE_FAMILY = "1,2";
				TEST_TARGET_NAME = Landmarks;
			};
			name = Release;
		};
/* End XCBuildConfiguration section */

/* Begin XCConfigurationList section */
		9FA995CE2927D9F800FAC34B /* Build configuration list for PBXProject "Landmarks" */ = {
			isa = XCConfigurationList;
			buildConfigurations = (
				9FA995F52927D9F900FAC34B /* Debug */,
				9FA995F62927D9F900FAC34B /* Release */,
			);
			defaultConfigurationIsVisible = 0;
			defaultConfigurationName = Release;
		};
		9FA995F72927D9F900FAC34B /* Build configuration list for PBXNativeTarget "Landmarks" */ = {
			isa = XCConfigurationList;
			buildConfigurations = (
				9FA995F82927D9F900FAC34B /* Debug */,
				9FA995F92927D9F900FAC34B /* Release */,
			);
			defaultConfigurationIsVisible = 0;
			defaultConfigurationName = Release;
		};
		9FA995FA2927D9F900FAC34B /* Build configuration list for PBXNativeTarget "LandmarksTests" */ = {
			isa = XCConfigurationList;
			buildConfigurations = (
				9FA995FB2927D9F900FAC34B /* Debug */,
				9FA995FC2927D9F900FAC34B /* Release */,
			);
			defaultConfigurationIsVisible = 0;
			defaultConfigurationName = Release;
		};
		9FA995FD2927D9F900FAC34B /* Build configuration list for PBXNativeTarget "LandmarksUITests" */ = {
			isa = XCConfigurationList;
			buildConfigurations = (
				9FA995FE2927D9F900FAC34B /* Debug */,
				9FA995FF2927D9F900FAC34B /* Release */,
			);
			defaultConfigurationIsVisible = 0;
			defaultConfigurationName = Release;
		};
/* End XCConfigurationList section */
	};
	rootObject = 9FA995CB2927D9F800FAC34B /* Project object */;
}
